
Microsoft Visual Studio Solution File, Format Version 12.00
# Visual Studio 15
VisualStudioVersion = 15.0.26430.14
MinimumVisualStudioVersion = 10.0.40219.1
Project("{9A19103F-16F7-4668-BE54-9A1E7A4F7556}") = "CardShuffle", "CardShuffle\CardShuffle.csproj", "{1CCDB10A-3797-4DBE-96F0-1C2199A8AE4C}"
EndProject
Project("{FAE04EC0-301F-11D3-BF4B-00C04F79EFBC}") = "CardShuffleTest", "CardShuffleTest\CardShuffleTest.csproj", "{74627DD5-C540-48B4-97B8-BA680C764912}"
EndProject
Global
	GlobalSection(SolutionConfigurationPlatforms) = preSolution
		Debug|Any CPU = Debug|Any CPU
		Release|Any CPU = Release|Any CPU
	EndGlobalSection
	GlobalSection(ProjectConfigurationPlatforms) = postSolution
		{1CCDB10A-3797-4DBE-96F0-1C2199A8AE4C}.Debug|Any CPU.ActiveCfg = Debug|Any CPU
		{1CCDB10A-3797-4DBE-96F0-1C2199A8AE4C}.Debug|Any CPU.Build.0 = Debug|Any CPU
		{1CCDB10A-3797-4DBE-96F0-1C2199A8AE4C}.Release|Any CPU.ActiveCfg = Release|Any CPU
		{1CCDB10A-3797-4DBE-96F0-1C2199A8AE4C}.Release|Any CPU.Build.0 = Release|Any CPU
		{74627DD5-C540-48B4-97B8-BA680C764912}.Debug|Any CPU.ActiveCfg = Debug|Any CPU
		{74627DD5-C540-48B4-97B8-BA680C764912}.Debug|Any CPU.Build.0 = Debug|Any CPU
		{74627DD5-C540-48B4-97B8-BA680C764912}.Release|Any CPU.ActiveCfg = Release|Any CPU
		{74627DD5-C540-48B4-97B8-BA680C764912}.Release|Any CPU.Build.0 = Release|Any CPU
	EndGlobalSection
	GlobalSection(SolutionProperties) = preSolution
		HideSolutionNode = FALSE
	EndGlobalSection
EndGlobal
